
Microsoft Visual Studio Solution File, Format Version 12.00
# Visual Studio 15
VisualStudioVersion = 15.0.28010.2016
MinimumVisualStudioVersion = 10.0.40219.1
Project("{FAE04EC0-301F-11D3-BF4B-00C04F79EFBC}") = "BehaviorDevelop", "BehaviorDevelop\BehaviorDevelop.csproj", "{10138C21-64D0-405D-9831-865D34F65E5F}"
EndProject
Project("{FAE04EC0-301F-11D3-BF4B-00C04F79EFBC}") = "DiffViewer", "DiffViewer\DiffViewer.csproj", "{4A5FEF40-7E23-452B-90A8-3D4B08C039DC}"
EndProject
Project("{FAE04EC0-301F-11D3-BF4B-00C04F79EFBC}") = "VoidNish.Diff", "VoidNish.Diff\VoidNish.Diff.csproj", "{7F2DFFF8-1202-4C31-9D3F-094CB7528A65}"
EndProject
Project("{FAE04EC0-301F-11D3-BF4B-00C04F79EFBC}") = "BDFileReader", "BDFileReader\BDFileReader.csproj", "{6070881C-93B6-402C-8539-8876A3F2A1D7}"
EndProject
Project("{FAE04EC0-301F-11D3-BF4B-00C04F79EFBC}") = "EAArtifactLoader", "EAArtifactLoader\EAArtifactLoader.csproj", "{A66970E8-92FE-4667-A5F9-E2E4C7CBD702}"
EndProject
Project("{FAE04EC0-301F-11D3-BF4B-00C04F79EFBC}") = "ElementEditor", "ElementEditor\ElementEditor.csproj", "{13A29357-9FF8-44A8-B028-E7F4D12ED1C4}"
EndProject
Project("{FAE04EC0-301F-11D3-BF4B-00C04F79EFBC}") = "AsciidocGenerator", "AsciidocGenerator\AsciidocGenerator.csproj", "{574E051A-BB3A-4716-AB02-A9EA20A2B5E0}"
EndProject
Project("{FAE04EC0-301F-11D3-BF4B-00C04F79EFBC}") = "ArtifactFileAccessor", "..\EaArtifactTool\ArtifactFileAccessor\ArtifactFileAccessor.csproj", "{B0EFD60E-7D58-4600-8E30-AEAEB4424690}"
EndProject
Project("{FAE04EC0-301F-11D3-BF4B-00C04F79EFBC}") = "WpfApp1", "WpfApp1\WpfApp1.csproj", "{239A50F5-B985-4AAF-ACCB-3B0588362EAF}"
EndProject
Project("{FAE04EC0-301F-11D3-BF4B-00C04F79EFBC}") = "IndexAccessor", "..\EaArtifactTool\IndexAccessor\IndexAccessor.csproj", "{647F1691-EC36-47F1-9F21-F86D4B562974}"
EndProject
Global
	GlobalSection(SolutionConfigurationPlatforms) = preSolution
		Debug|Any CPU = Debug|Any CPU
		Debug|x86 = Debug|x86
		Release|Any CPU = Release|Any CPU
		Release|x86 = Release|x86
	EndGlobalSection
	GlobalSection(ProjectConfigurationPlatforms) = postSolution
		{10138C21-64D0-405D-9831-865D34F65E5F}.Debug|Any CPU.ActiveCfg = Debug|Any CPU
		{10138C21-64D0-405D-9831-865D34F65E5F}.Debug|Any CPU.Build.0 = Debug|Any CPU
		{10138C21-64D0-405D-9831-865D34F65E5F}.Debug|x86.ActiveCfg = Debug|Any CPU
		{10138C21-64D0-405D-9831-865D34F65E5F}.Debug|x86.Build.0 = Debug|Any CPU
		{10138C21-64D0-405D-9831-865D34F65E5F}.Release|Any CPU.ActiveCfg = Release|Any CPU
		{10138C21-64D0-405D-9831-865D34F65E5F}.Release|Any CPU.Build.0 = Release|Any CPU
		{10138C21-64D0-405D-9831-865D34F65E5F}.Release|x86.ActiveCfg = Release|Any CPU
		{10138C21-64D0-405D-9831-865D34F65E5F}.Release|x86.Build.0 = Release|Any CPU
		{4A5FEF40-7E23-452B-90A8-3D4B08C039DC}.Debug|Any CPU.ActiveCfg = Debug|Any CPU
		{4A5FEF40-7E23-452B-90A8-3D4B08C039DC}.Debug|Any CPU.Build.0 = Debug|Any CPU
		{4A5FEF40-7E23-452B-90A8-3D4B08C039DC}.Debug|x86.ActiveCfg = Debug|Any CPU
		{4A5FEF40-7E23-452B-90A8-3D4B08C039DC}.Debug|x86.Build.0 = Debug|Any CPU
		{4A5FEF40-7E23-452B-90A8-3D4B08C039DC}.Release|Any CPU.ActiveCfg = Release|Any CPU
		{4A5FEF40-7E23-452B-90A8-3D4B08C039DC}.Release|Any CPU.Build.0 = Release|Any CPU
		{4A5FEF40-7E23-452B-90A8-3D4B08C039DC}.Release|x86.ActiveCfg = Release|Any CPU
		{4A5FEF40-7E23-452B-90A8-3D4B08C039DC}.Release|x86.Build.0 = Release|Any CPU
		{7F2DFFF8-1202-4C31-9D3F-094CB7528A65}.Debug|Any CPU.ActiveCfg = Debug|x86
		{7F2DFFF8-1202-4C31-9D3F-094CB7528A65}.Debug|Any CPU.Build.0 = Debug|x86
		{7F2DFFF8-1202-4C31-9D3F-094CB7528A65}.Debug|x86.ActiveCfg = Debug|x86
		{7F2DFFF8-1202-4C31-9D3F-094CB7528A65}.Debug|x86.Build.0 = Debug|x86
		{7F2DFFF8-1202-4C31-9D3F-094CB7528A65}.Release|Any CPU.ActiveCfg = Release|x86
		{7F2DFFF8-1202-4C31-9D3F-094CB7528A65}.Release|Any CPU.Build.0 = Release|x86
		{7F2DFFF8-1202-4C31-9D3F-094CB7528A65}.Release|x86.ActiveCfg = Release|x86
		{7F2DFFF8-1202-4C31-9D3F-094CB7528A65}.Release|x86.Build.0 = Release|x86
		{6070881C-93B6-402C-8539-8876A3F2A1D7}.Debug|Any CPU.ActiveCfg = Debug|Any CPU
		{6070881C-93B6-402C-8539-8876A3F2A1D7}.Debug|Any CPU.Build.0 = Debug|Any CPU
		{6070881C-93B6-402C-8539-8876A3F2A1D7}.Debug|x86.ActiveCfg = Debug|Any CPU
		{6070881C-93B6-402C-8539-8876A3F2A1D7}.Debug|x86.Build.0 = Debug|Any CPU
		{6070881C-93B6-402C-8539-8876A3F2A1D7}.Release|Any CPU.ActiveCfg = Release|Any CPU
		{6070881C-93B6-402C-8539-8876A3F2A1D7}.Release|Any CPU.Build.0 = Release|Any CPU
		{6070881C-93B6-402C-8539-8876A3F2A1D7}.Release|x86.ActiveCfg = Release|Any CPU
		{6070881C-93B6-402C-8539-8876A3F2A1D7}.Release|x86.Build.0 = Release|Any CPU
		{A66970E8-92FE-4667-A5F9-E2E4C7CBD702}.Debug|Any CPU.ActiveCfg = Debug|Any CPU
		{A66970E8-92FE-4667-A5F9-E2E4C7CBD702}.Debug|Any CPU.Build.0 = Debug|Any CPU
		{A66970E8-92FE-4667-A5F9-E2E4C7CBD702}.Debug|x86.ActiveCfg = Debug|Any CPU
		{A66970E8-92FE-4667-A5F9-E2E4C7CBD702}.Debug|x86.Build.0 = Debug|Any CPU
		{A66970E8-92FE-4667-A5F9-E2E4C7CBD702}.Release|Any CPU.ActiveCfg = Release|Any CPU
		{A66970E8-92FE-4667-A5F9-E2E4C7CBD702}.Release|x86.ActiveCfg = Release|Any CPU
		{A66970E8-92FE-4667-A5F9-E2E4C7CBD702}.Release|x86.Build.0 = Release|Any CPU
		{13A29357-9FF8-44A8-B028-E7F4D12ED1C4}.Debug|Any CPU.ActiveCfg = Debug|Any CPU
		{13A29357-9FF8-44A8-B028-E7F4D12ED1C4}.Debug|Any CPU.Build.0 = Debug|Any CPU
		{13A29357-9FF8-44A8-B028-E7F4D12ED1C4}.Debug|x86.ActiveCfg = Debug|Any CPU
		{13A29357-9FF8-44A8-B028-E7F4D12ED1C4}.Debug|x86.Build.0 = Debug|Any CPU
		{13A29357-9FF8-44A8-B028-E7F4D12ED1C4}.Release|Any CPU.ActiveCfg = Release|Any CPU
		{13A29357-9FF8-44A8-B028-E7F4D12ED1C4}.Release|Any CPU.Build.0 = Release|Any CPU
		{13A29357-9FF8-44A8-B028-E7F4D12ED1C4}.Release|x86.ActiveCfg = Release|Any CPU
		{13A29357-9FF8-44A8-B028-E7F4D12ED1C4}.Release|x86.Build.0 = Release|Any CPU
		{574E051A-BB3A-4716-AB02-A9EA20A2B5E0}.Debug|Any CPU.ActiveCfg = Debug|Any CPU
		{574E051A-BB3A-4716-AB02-A9EA20A2B5E0}.Debug|Any CPU.Build.0 = Debug|Any CPU
		{574E051A-BB3A-4716-AB02-A9EA20A2B5E0}.Debug|x86.ActiveCfg = Debug|Any CPU
		{574E051A-BB3A-4716-AB02-A9EA20A2B5E0}.Debug|x86.Build.0 = Debug|Any CPU
		{574E051A-BB3A-4716-AB02-A9EA20A2B5E0}.Release|Any CPU.ActiveCfg = Release|Any CPU
		{574E051A-BB3A-4716-AB02-A9EA20A2B5E0}.Release|Any CPU.Build.0 = Release|Any CPU
		{574E051A-BB3A-4716-AB02-A9EA20A2B5E0}.Release|x86.ActiveCfg = Release|Any CPU
		{574E051A-BB3A-4716-AB02-A9EA20A2B5E0}.Release|x86.Build.0 = Release|Any CPU
		{B0EFD60E-7D58-4600-8E30-AEAEB4424690}.Debug|Any CPU.ActiveCfg = Debug|Any CPU
		{B0EFD60E-7D58-4600-8E30-AEAEB4424690}.Debug|Any CPU.Build.0 = Debug|Any CPU
		{B0EFD60E-7D58-4600-8E30-AEAEB4424690}.Debug|x86.ActiveCfg = Debug|Any CPU
		{B0EFD60E-7D58-4600-8E30-AEAEB4424690}.Debug|x86.Build.0 = Debug|Any CPU
		{B0EFD60E-7D58-4600-8E30-AEAEB4424690}.Release|Any CPU.ActiveCfg = Release|Any CPU
		{B0EFD60E-7D58-4600-8E30-AEAEB4424690}.Release|Any CPU.Build.0 = Release|Any CPU
		{B0EFD60E-7D58-4600-8E30-AEAEB4424690}.Release|x86.ActiveCfg = Release|Any CPU
		{B0EFD60E-7D58-4600-8E30-AEAEB4424690}.Release|x86.Build.0 = Release|Any CPU
		{239A50F5-B985-4AAF-ACCB-3B0588362EAF}.Debug|Any CPU.ActiveCfg = Debug|Any CPU
		{239A50F5-B985-4AAF-ACCB-3B0588362EAF}.Debug|Any CPU.Build.0 = Debug|Any CPU
		{239A50F5-B985-4AAF-ACCB-3B0588362EAF}.Debug|x86.ActiveCfg = Debug|Any CPU
		{239A50F5-B985-4AAF-ACCB-3B0588362EAF}.Debug|x86.Build.0 = Debug|Any CPU
		{239A50F5-B985-4AAF-ACCB-3B0588362EAF}.Release|Any CPU.ActiveCfg = Release|Any CPU
		{239A50F5-B985-4AAF-ACCB-3B0588362EAF}.Release|Any CPU.Build.0 = Release|Any CPU
		{239A50F5-B985-4AAF-ACCB-3B0588362EAF}.Release|x86.ActiveCfg = Release|Any CPU
		{239A50F5-B985-4AAF-ACCB-3B0588362EAF}.Release|x86.Build.0 = Release|Any CPU
		{647F1691-EC36-47F1-9F21-F86D4B562974}.Debug|Any CPU.ActiveCfg = Debug|Any CPU
		{647F1691-EC36-47F1-9F21-F86D4B562974}.Debug|Any CPU.Build.0 = Debug|Any CPU
		{647F1691-EC36-47F1-9F21-F86D4B562974}.Debug|x86.ActiveCfg = Debug|Any CPU
		{647F1691-EC36-47F1-9F21-F86D4B562974}.Debug|x86.Build.0 = Debug|Any CPU
		{647F1691-EC36-47F1-9F21-F86D4B562974}.Release|Any CPU.ActiveCfg = Release|Any CPU
		{647F1691-EC36-47F1-9F21-F86D4B562974}.Release|Any CPU.Build.0 = Release|Any CPU
		{647F1691-EC36-47F1-9F21-F86D4B562974}.Release|x86.ActiveCfg = Release|Any CPU
		{647F1691-EC36-47F1-9F21-F86D4B562974}.Release|x86.Build.0 = Release|Any CPU
	EndGlobalSection
	GlobalSection(SolutionProperties) = preSolution
		HideSolutionNode = FALSE
	EndGlobalSection
	GlobalSection(ExtensibilityGlobals) = postSolution
		SolutionGuid = {F103A1A2-56BB-4B9F-BA77-D85A808FD73C}
	EndGlobalSection
EndGlobal
